
Microsoft Visual Studio Solution File, Format Version 12.00
# Visual Studio 15
VisualStudioVersion = 15.0.26430.12
MinimumVisualStudioVersion = 10.0.40219.1
Project("{FAE04EC0-301F-11D3-BF4B-00C04F79EFBC}") = "01. Persons", "01. Persons\01. Persons.csproj", "{EDF8C121-4756-46D4-86D2-08B173ACA8AF}"
EndProject
Project("{FAE04EC0-301F-11D3-BF4B-00C04F79EFBC}") = "02. Salary", "02. Salary\02. Salary.csproj", "{6C963575-F76B-4DAA-AAC6-98DFBAD3B3A8}"
EndProject
Project("{FAE04EC0-301F-11D3-BF4B-00C04F79EFBC}") = "03. Validation", "03. Validation\03. Validation.csproj", "{BCAB71A1-3A84-4520-8322-B70CD12650CB}"
EndProject
Project("{FAE04EC0-301F-11D3-BF4B-00C04F79EFBC}") = "04. Team", "04. Team\04. Team.csproj", "{383A00E8-8B3C-44A9-A45A-4082D08FADFC}"
EndProject
Global
	GlobalSection(SolutionConfigurationPlatforms) = preSolution
		Debug|Any CPU = Debug|Any CPU
		Release|Any CPU = Release|Any CPU
	EndGlobalSection
	GlobalSection(ProjectConfigurationPlatforms) = postSolution
		{EDF8C121-4756-46D4-86D2-08B173ACA8AF}.Debug|Any CPU.ActiveCfg = Debug|Any CPU
		{EDF8C121-4756-46D4-86D2-08B173ACA8AF}.Debug|Any CPU.Build.0 = Debug|Any CPU
		{EDF8C121-4756-46D4-86D2-08B173ACA8AF}.Release|Any CPU.ActiveCfg = Release|Any CPU
		{EDF8C121-4756-46D4-86D2-08B173ACA8AF}.Release|Any CPU.Build.0 = Release|Any CPU
		{6C963575-F76B-4DAA-AAC6-98DFBAD3B3A8}.Debug|Any CPU.ActiveCfg = Debug|Any CPU
		{6C963575-F76B-4DAA-AAC6-98DFBAD3B3A8}.Debug|Any CPU.Build.0 = Debug|Any CPU
		{6C963575-F76B-4DAA-AAC6-98DFBAD3B3A8}.Release|Any CPU.ActiveCfg = Release|Any CPU
		{6C963575-F76B-4DAA-AAC6-98DFBAD3B3A8}.Release|Any CPU.Build.0 = Release|Any CPU
		{BCAB71A1-3A84-4520-8322-B70CD12650CB}.Debug|Any CPU.ActiveCfg = Debug|Any CPU
		{BCAB71A1-3A84-4520-8322-B70CD12650CB}.Debug|Any CPU.Build.0 = Debug|Any CPU
		{BCAB71A1-3A84-4520-8322-B70CD12650CB}.Release|Any CPU.ActiveCfg = Release|Any CPU
		{BCAB71A1-3A84-4520-8322-B70CD12650CB}.Release|Any CPU.Build.0 = Release|Any CPU
		{383A00E8-8B3C-44A9-A45A-4082D08FADFC}.Debug|Any CPU.ActiveCfg = Debug|Any CPU
		{383A00E8-8B3C-44A9-A45A-4082D08FADFC}.Debug|Any CPU.Build.0 = Debug|Any CPU
		{383A00E8-8B3C-44A9-A45A-4082D08FADFC}.Release|Any CPU.ActiveCfg = Release|Any CPU
		{383A00E8-8B3C-44A9-A45A-4082D08FADFC}.Release|Any CPU.Build.0 = Release|Any CPU
	EndGlobalSection
	GlobalSection(SolutionProperties) = preSolution
		HideSolutionNode = FALSE
	EndGlobalSection
EndGlobal
